
Microsoft Visual Studio Solution File, Format Version 12.00
# Visual Studio Version 16
VisualStudioVersion = 16.0.31129.286
MinimumVisualStudioVersion = 10.0.40219.1
Project("{FAE04EC0-301F-11D3-BF4B-00C04F79EFBC}") = "Calculator2", "Calculator2\Calculator2.csproj", "{EEC15CD0-0741-4A3E-AD54-E8D7F18FA3A9}"
EndProject
Global
	GlobalSection(SolutionConfigurationPlatforms) = preSolution
		Debug|Any CPU = Debug|Any CPU
		Release|Any CPU = Release|Any CPU
	EndGlobalSection
	GlobalSection(ProjectConfigurationPlatforms) = postSolution
		{EEC15CD0-0741-4A3E-AD54-E8D7F18FA3A9}.Debug|Any CPU.ActiveCfg = Debug|Any CPU
		{EEC15CD0-0741-4A3E-AD54-E8D7F18FA3A9}.Debug|Any CPU.Build.0 = Debug|Any CPU
		{EEC15CD0-0741-4A3E-AD54-E8D7F18FA3A9}.Release|Any CPU.ActiveCfg = Release|Any CPU
		{EEC15CD0-0741-4A3E-AD54-E8D7F18FA3A9}.Release|Any CPU.Build.0 = Release|Any CPU
	EndGlobalSection
	GlobalSection(SolutionProperties) = preSolution
		HideSolutionNode = FALSE
	EndGlobalSection
	GlobalSection(ExtensibilityGlobals) = postSolution
		SolutionGuid = {9F3C24D1-11CE-421D-AC5B-D97C67C32A8A}
	EndGlobalSection
EndGlobal
